// !$*UTF8*$!
{
	archiveVersion = 1;
	classes = {
	};
	objectVersion = 56;
	objects = {

/* Begin PBXBuildFile section */
		2BDBDC682C6DA12E001A6F28 /* SwipeGalleryApp.swift in Sources */ = {isa = PBXBuildFile; fileRef = 2BDBDC672C6DA12E001A6F28 /* SwipeGalleryApp.swift */; };
		2BDBDC6A2C6DA12E001A6F28 /* ContentView.swift in Sources */ = {isa = PBXBuildFile; fileRef = 2BDBDC692C6DA12E001A6F28 /* ContentView.swift */; };
		2BDBDC6C2C6DA130001A6F28 /* Assets.xcassets in Resources */ = {isa = PBXBuildFile; fileRef = 2BDBDC6B2C6DA130001A6F28 /* Assets.xcassets */; };
		2BDBDC6F2C6DA130001A6F28 /* Preview Assets.xcassets in Resources */ = {isa = PBXBuildFile; fileRef = 2BDBDC6E2C6DA130001A6F28 /* Preview Assets.xcassets */; };
		2BDBDC762C6DA9B4001A6F28 /* HomeView.swift in Sources */ = {isa = PBXBuildFile; fileRef = 2BDBDC752C6DA9B4001A6F28 /* HomeView.swift */; };
		2BDBDC792C6DA9DD001A6F28 /* Profile.swift in Sources */ = {isa = PBXBuildFile; fileRef = 2BDBDC782C6DA9DD001A6F28 /* Profile.swift */; };
		2BDBDC7B2C6DA9F8001A6F28 /* ProfileViewModel.swift in Sources */ = {isa = PBXBuildFile; fileRef = 2BDBDC7A2C6DA9F8001A6F28 /* ProfileViewModel.swift */; };
		2BDBDC7E2C6DAA23001A6F28 /* SwipeView.swift in Sources */ = {isa = PBXBuildFile; fileRef = 2BDBDC7D2C6DAA23001A6F28 /* SwipeView.swift */; };
		2BDBDC802C6DAA45001A6F28 /* ProfileView.swift in Sources */ = {isa = PBXBuildFile; fileRef = 2BDBDC7F2C6DAA45001A6F28 /* ProfileView.swift */; };
/* End PBXBuildFile section */

/* Begin PBXFileReference section */
		2BDBDC642C6DA12E001A6F28 /* SwipeGallery.app */ = {isa = PBXFileReference; explicitFileType = wrapper.application; includeInIndex = 0; path = SwipeGallery.app; sourceTree = BUILT_PRODUCTS_DIR; };
		2BDBDC672C6DA12E001A6F28 /* SwipeGalleryApp.swift */ = {isa = PBXFileReference; lastKnownFileType = sourcecode.swift; path = SwipeGalleryApp.swift; sourceTree = "<group>"; };
		2BDBDC692C6DA12E001A6F28 /* ContentView.swift */ = {isa = PBXFileReference; lastKnownFileType = sourcecode.swift; path = ContentView.swift; sourceTree = "<group>"; };
		2BDBDC6B2C6DA130001A6F28 /* Assets.xcassets */ = {isa = PBXFileReference; lastKnownFileType = folder.assetcatalog; path = Assets.xcassets; sourceTree = "<group>"; };
		2BDBDC6E2C6DA130001A6F28 /* Preview Assets.xcassets */ = {isa = PBXFileReference; lastKnownFileType = folder.assetcatalog; path = "Preview Assets.xcassets"; sourceTree = "<group>"; };
		2BDBDC752C6DA9B4001A6F28 /* HomeView.swift */ = {isa = PBXFileReference; lastKnownFileType = sourcecode.swift; path = HomeView.swift; sourceTree = "<group>"; };
		2BDBDC782C6DA9DD001A6F28 /* Profile.swift */ = {isa = PBXFileReference; lastKnownFileType = sourcecode.swift; path = Profile.swift; sourceTree = "<group>"; };
		2BDBDC7A2C6DA9F8001A6F28 /* ProfileViewModel.swift */ = {isa = PBXFileReference; lastKnownFileType = sourcecode.swift; path = ProfileViewModel.swift; sourceTree = "<group>"; };
		2BDBDC7D2C6DAA23001A6F28 /* SwipeView.swift */ = {isa = PBXFileReference; lastKnownFileType = sourcecode.swift; path = SwipeView.swift; sourceTree = "<group>"; };
		2BDBDC7F2C6DAA45001A6F28 /* ProfileView.swift */ = {isa = PBXFileReference; lastKnownFileType = sourcecode.swift; path = ProfileView.swift; sourceTree = "<group>"; };
/* End PBXFileReference section */

/* Begin PBXFrameworksBuildPhase section */
		2BDBDC612C6DA12E001A6F28 /* Frameworks */ = {
			isa = PBXFrameworksBuildPhase;
			buildActionMask = 2147483647;
			files = (
			);
			runOnlyForDeploymentPostprocessing = 0;
		};
/* End PBXFrameworksBuildPhase section */

/* Begin PBXGroup section */
		2BDBDC5B2C6DA12E001A6F28 = {
			isa = PBXGroup;
			children = (
				2BDBDC662C6DA12E001A6F28 /* SwipeGallery */,
				2BDBDC652C6DA12E001A6F28 /* Products */,
			);
			sourceTree = "<group>";
		};
		2BDBDC652C6DA12E001A6F28 /* Products */ = {
			isa = PBXGroup;
			children = (
				2BDBDC642C6DA12E001A6F28 /* SwipeGallery.app */,
			);
			name = Products;
			sourceTree = "<group>";
		};
		2BDBDC662C6DA12E001A6F28 /* SwipeGallery */ = {
			isa = PBXGroup;
			children = (
				2BDBDC772C6DA9CB001A6F28 /* Model */,
				2BDBDC7C2C6DAA15001A6F28 /* View */,
				2BDBDC672C6DA12E001A6F28 /* SwipeGalleryApp.swift */,
				2BDBDC692C6DA12E001A6F28 /* ContentView.swift */,
				2BDBDC6B2C6DA130001A6F28 /* Assets.xcassets */,
				2BDBDC6D2C6DA130001A6F28 /* Preview Content */,
			);
			path = SwipeGallery;
			sourceTree = "<group>";
		};
		2BDBDC6D2C6DA130001A6F28 /* Preview Content */ = {
			isa = PBXGroup;
			children = (
				2BDBDC6E2C6DA130001A6F28 /* Preview Assets.xcassets */,
			);
			path = "Preview Content";
			sourceTree = "<group>";
		};
		2BDBDC772C6DA9CB001A6F28 /* Model */ = {
			isa = PBXGroup;
			children = (
				2BDBDC782C6DA9DD001A6F28 /* Profile.swift */,
				2BDBDC7A2C6DA9F8001A6F28 /* ProfileViewModel.swift */,
			);
			path = Model;
			sourceTree = "<group>";
		};
		2BDBDC7C2C6DAA15001A6F28 /* View */ = {
			isa = PBXGroup;
			children = (
				2BDBDC752C6DA9B4001A6F28 /* HomeView.swift */,
				2BDBDC7D2C6DAA23001A6F28 /* SwipeView.swift */,
				2BDBDC7F2C6DAA45001A6F28 /* ProfileView.swift */,
			);
			path = View;
			sourceTree = "<group>";
		};
/* End PBXGroup section */

/* Begin PBXNativeTarget section */
		2BDBDC632C6DA12E001A6F28 /* SwipeGallery */ = {
			isa = PBXNativeTarget;
			buildConfigurationList = 2BDBDC722C6DA130001A6F28 /* Build configuration list for PBXNativeTarget "SwipeGallery" */;
			buildPhases = (
				2BDBDC602C6DA12E001A6F28 /* Sources */,
				2BDBDC612C6DA12E001A6F28 /* Frameworks */,
				2BDBDC622C6DA12E001A6F28 /* Resources */,
			);
			buildRules = (
			);
			dependencies = (
			);
			name = SwipeGallery;
			productName = SwipeGallery;
			productReference = 2BDBDC642C6DA12E001A6F28 /* SwipeGallery.app */;
			productType = "com.apple.product-type.application";
		};
/* End PBXNativeTarget section */

/* Begin PBXProject section */
		2BDBDC5C2C6DA12E001A6F28 /* Project object */ = {
			isa = PBXProject;
			attributes = {
				BuildIndependentTargetsInParallel = 1;
				LastSwiftUpdateCheck = 1500;
				LastUpgradeCheck = 1500;
				TargetAttributes = {
					2BDBDC632C6DA12E001A6F28 = {
						CreatedOnToolsVersion = 15.0.1;
					};
				};
			};
			buildConfigurationList = 2BDBDC5F2C6DA12E001A6F28 /* Build configuration list for PBXProject "SwipeGallery" */;
			compatibilityVersion = "Xcode 14.0";
			developmentRegion = en;
			hasScannedForEncodings = 0;
			knownRegions = (
				en,
				Base,
			);
			mainGroup = 2BDBDC5B2C6DA12E001A6F28;
			productRefGroup = 2BDBDC652C6DA12E001A6F28 /* Products */;
			projectDirPath = "";
			projectRoot = "";
			targets = (
				2BDBDC632C6DA12E001A6F28 /* SwipeGallery */,
			);
		};
/* End PBXProject section */

/* Begin PBXResourcesBuildPhase section */
		2BDBDC622C6DA12E001A6F28 /* Resources */ = {
			isa = PBXResourcesBuildPhase;
			buildActionMask = 2147483647;
			files = (
				2BDBDC6F2C6DA130001A6F28 /* Preview Assets.xcassets in Resources */,
				2BDBDC6C2C6DA130001A6F28 /* Assets.xcassets in Resources */,
			);
			runOnlyForDeploymentPostprocessing = 0;
		};
/* End PBXResourcesBuildPhase section */

/* Begin PBXSourcesBuildPhase section */
		2BDBDC602C6DA12E001A6F28 /* Sources */ = {
			isa = PBXSourcesBuildPhase;
			buildActionMask = 2147483647;
			files = (
				2BDBDC762C6DA9B4001A6F28 /* HomeView.swift in Sources */,
				2BDBDC792C6DA9DD001A6F28 /* Profile.swift in Sources */,
				2BDBDC6A2C6DA12E001A6F28 /* ContentView.swift in Sources */,
				2BDBDC7E2C6DAA23001A6F28 /* SwipeView.swift in Sources */,
				2BDBDC682C6DA12E001A6F28 /* SwipeGalleryApp.swift in Sources */,
				2BDBDC802C6DAA45001A6F28 /* ProfileView.swift in Sources */,
				2BDBDC7B2C6DA9F8001A6F28 /* ProfileViewModel.swift in Sources */,
			);
			runOnlyForDeploymentPostprocessing = 0;
		};
/* End PBXSourcesBuildPhase section */

/* Begin XCBuildConfiguration section */
		2BDBDC702C6DA130001A6F28 /* Debug */ = {
			isa = XCBuildConfiguration;
			buildSettings = {
				ALWAYS_SEARCH_USER_PATHS = NO;
				ASSETCATALOG_COMPILER_GENERATE_SWIFT_ASSET_SYMBOL_EXTENSIONS = YES;
				CLANG_ANALYZER_NONNULL = YES;
				CLANG_ANALYZER_NUMBER_OBJECT_CONVERSION = YES_AGGRESSIVE;
				CLANG_CXX_LANGUAGE_STANDARD = "gnu++20";
				CLANG_ENABLE_MODULES = YES;
				CLANG_ENABLE_OBJC_ARC = YES;
				CLANG_ENABLE_OBJC_WEAK = YES;
				CLANG_WARN_BLOCK_CAPTURE_AUTORELEASING = YES;
				CLANG_WARN_BOOL_CONVERSION = YES;
				CLANG_WARN_COMMA = YES;
				CLANG_WARN_CONSTANT_CONVERSION = YES;
				CLANG_WARN_DEPRECATED_OBJC_IMPLEMENTATIONS = YES;
				CLANG_WARN_DIRECT_OBJC_ISA_USAGE = YES_ERROR;
				CLANG_WARN_DOCUMENTATION_COMMENTS = YES;
				CLANG_WARN_EMPTY_BODY = YES;
				CLANG_WARN_ENUM_CONVERSION = YES;
				CLANG_WARN_INFINITE_RECURSION = YES;
				CLANG_WARN_INT_CONVERSION = YES;
				CLANG_WARN_NON_LITERAL_NULL_CONVERSION = YES;
				CLANG_WARN_OBJC_IMPLICIT_RETAIN_SELF = YES;
				CLANG_WARN_OBJC_LITERAL_CONVERSION = YES;
				CLANG_WARN_OBJC_ROOT_CLASS = YES_ERROR;
				CLANG_WARN_QUOTED_INCLUDE_IN_FRAMEWORK_HEADER = YES;
				CLANG_WARN_RANGE_LOOP_ANALYSIS = YES;
				CLANG_WARN_STRICT_PROTOTYPES = YES;
				CLANG_WARN_SUSPICIOUS_MOVE = YES;
				CLANG_WARN_UNGUARDED_AVAILABILITY = YES_AGGRESSIVE;
				CLANG_WARN_UNREACHABLE_CODE = YES;
				CLANG_WARN__DUPLICATE_METHOD_MATCH = YES;
				COPY_PHASE_STRIP = NO;
				DEBUG_INFORMATION_FORMAT = dwarf;
				ENABLE_STRICT_OBJC_MSGSEND = YES;
				ENABLE_TESTABILITY = YES;
				ENABLE_USER_SCRIPT_SANDBOXING = YES;
				GCC_C_LANGUAGE_STANDARD = gnu17;
				GCC_DYNAMIC_NO_PIC = NO;
				GCC_NO_COMMON_BLOCKS = YES;
				GCC_OPTIMIZATION_LEVEL = 0;
				GCC_PREPROCESSOR_DEFINITIONS = (
					"DEBUG=1",
					"$(inherited)",
				);
				GCC_WARN_64_TO_32_BIT_CONVERSION = YES;
				GCC_WARN_ABOUT_RETURN_TYPE = YES_ERROR;
				GCC_WARN_UNDECLARED_SELECTOR = YES;
				GCC_WARN_UNINITIALIZED_AUTOS = YES_AGGRESSIVE;
				GCC_WARN_UNUSED_FUNCTION = YES;
				GCC_WARN_UNUSED_VARIABLE = YES;
				IPHONEOS_DEPLOYMENT_TARGET = 17.0;
				LOCALIZATION_PREFERS_STRING_CATALOGS = YES;
				MTL_ENABLE_DEBUG_INFO = INCLUDE_SOURCE;
				MTL_FAST_MATH = YES;
				ONLY_ACTIVE_ARCH = YES;
				SDKROOT = iphoneos;
				SWIFT_ACTIVE_COMPILATION_CONDITIONS = "DEBUG $(inherited)";
				SWIFT_OPTIMIZATION_LEVEL = "-Onone";
			};
			name = Debug;
		};
		2BDBDC712C6DA130001A6F28 /* Release */ = {
			isa = XCBuildConfiguration;
			buildSettings = {
				ALWAYS_SEARCH_USER_PATHS = NO;
				ASSETCATALOG_COMPILER_GENERATE_SWIFT_ASSET_SYMBOL_EXTENSIONS = YES;
				CLANG_ANALYZER_NONNULL = YES;
				CLANG_ANALYZER_NUMBER_OBJECT_CONVERSION = YES_AGGRESSIVE;
				CLANG_CXX_LANGUAGE_STANDARD = "gnu++20";
				CLANG_ENABLE_MODULES = YES;
				CLANG_ENABLE_OBJC_ARC = YES;
				CLANG_ENABLE_OBJC_WEAK = YES;
				CLANG_WARN_BLOCK_CAPTURE_AUTORELEASING = YES;
				CLANG_WARN_BOOL_CONVERSION = YES;
				CLANG_WARN_COMMA = YES;
				CLANG_WARN_CONSTANT_CONVERSION = YES;
				CLANG_WARN_DEPRECATED_OBJC_IMPLEMENTATIONS = YES;
				CLANG_WARN_DIRECT_OBJC_ISA_USAGE = YES_ERROR;
				CLANG_WARN_DOCUMENTATION_COMMENTS = YES;
				CLANG_WARN_EMPTY_BODY = YES;
				CLANG_WARN_ENUM_CONVERSION = YES;
				CLANG_WARN_INFINITE_RECURSION = YES;
				CLANG_WARN_INT_CONVERSION = YES;
				CLANG_WARN_NON_LITERAL_NULL_CONVERSION = YES;
				CLANG_WARN_OBJC_IMPLICIT_RETAIN_SELF = YES;
				CLANG_WARN_OBJC_LITERAL_CONVERSION = YES;
				CLANG_WARN_OBJC_ROOT_CLASS = YES_ERROR;
				CLANG_WARN_QUOTED_INCLUDE_IN_FRAMEWORK_HEADER = YES;
				CLANG_WARN_RANGE_LOOP_ANALYSIS = YES;
				CLANG_WARN_STRICT_PROTOTYPES = YES;
				CLANG_WARN_SUSPICIOUS_MOVE = YES;
				CLANG_WARN_UNGUARDED_AVAILABILITY = YES_AGGRESSIVE;
				CLANG_WARN_UNREACHABLE_CODE = YES;
				CLANG_WARN__DUPLICATE_METHOD_MATCH = YES;
				COPY_PHASE_STRIP = NO;
				DEBUG_INFORMATION_FORMAT = "dwarf-with-dsym";
				ENABLE_NS_ASSERTIONS = NO;
				ENABLE_STRICT_OBJC_MSGSEND = YES;
				ENABLE_USER_SCRIPT_SANDBOXING = YES;
				GCC_C_LANGUAGE_STANDARD = gnu17;
				GCC_NO_COMMON_BLOCKS = YES;
				GCC_WARN_64_TO_32_BIT_CONVERSION = YES;
				GCC_WARN_ABOUT_RETURN_TYPE = YES_ERROR;
				GCC_WARN_UNDECLARED_SELECTOR = YES;
				GCC_WARN_UNINITIALIZED_AUTOS = YES_AGGRESSIVE;
				GCC_WARN_UNUSED_FUNCTION = YES;
				GCC_WARN_UNUSED_VARIABLE = YES;
				IPHONEOS_DEPLOYMENT_TARGET = 17.0;
				LOCALIZATION_PREFERS_STRING_CATALOGS = YES;
				MTL_ENABLE_DEBUG_INFO = NO;
				MTL_FAST_MATH = YES;
				SDKROOT = iphoneos;
				SWIFT_COMPILATION_MODE = wholemodule;
				VALIDATE_PRODUCT = YES;
			};
			name = Release;
		};
		2BDBDC732C6DA130001A6F28 /* Debug */ = {
			isa = XCBuildConfiguration;
			buildSettings = {
				ASSETCATALOG_COMPILER_APPICON_NAME = AppIcon;
				ASSETCATALOG_COMPILER_GLOBAL_ACCENT_COLOR_NAME = AccentColor;
				CODE_SIGN_STYLE = Automatic;
				CURRENT_PROJECT_VERSION = 1;
				DEVELOPMENT_ASSET_PATHS = "\"SwipeGallery/Preview Content\"";
				DEVELOPMENT_TEAM = 73VA8W4WNH;
				ENABLE_PREVIEWS = YES;
				GENERATE_INFOPLIST_FILE = YES;
				INFOPLIST_KEY_UIApplicationSceneManifest_Generation = YES;
				INFOPLIST_KEY_UIApplicationSupportsIndirectInputEvents = YES;
				INFOPLIST_KEY_UILaunchScreen_Generation = YES;
				INFOPLIST_KEY_UISupportedInterfaceOrientations_iPad = "UIInterfaceOrientationPortrait UIInterfaceOrientationPortraitUpsideDown UIInterfaceOrientationLandscapeLeft UIInterfaceOrientationLandscapeRight";
				INFOPLIST_KEY_UISupportedInterfaceOrientations_iPhone = "UIInterfaceOrientationPortrait UIInterfaceOrientationLandscapeLeft UIInterfaceOrientationLandscapeRight";
				LD_RUNPATH_SEARCH_PATHS = (
					"$(inherited)",
					"@executable_path/Frameworks",
				);
				MARKETING_VERSION = 1.0;
				PRODUCT_BUNDLE_IDENTIFIER = com.xuebusi.SwipeGallery;
				PRODUCT_NAME = "$(TARGET_NAME)";
				SWIFT_EMIT_LOC_STRINGS = YES;
				SWIFT_VERSION = 5.0;
				TARGETED_DEVICE_FAMILY = "1,2";
			};
			name = Debug;
		};
		2BDBDC742C6DA130001A6F28 /* Release */ = {
			isa = XCBuildConfiguration;
			buildSettings = {
				ASSETCATALOG_COMPILER_APPICON_NAME = AppIcon;
				ASSETCATALOG_COMPILER_GLOBAL_ACCENT_COLOR_NAME = AccentColor;
				CODE_SIGN_STYLE = Automatic;
				CURRENT_PROJECT_VERSION = 1;
				DEVELOPMENT_ASSET_PATHS = "\"SwipeGallery/Preview Content\"";
				DEVELOPMENT_TEAM = 73VA8W4WNH;
				ENABLE_PREVIEWS = YES;
				GENERATE_INFOPLIST_FILE = YES;
				INFOPLIST_KEY_UIApplicationSceneManifest_Generation = YES;
				INFOPLIST_KEY_UIApplicationSupportsIndirectInputEvents = YES;
				INFOPLIST_KEY_UILaunchScreen_Generation = YES;
				INFOPLIST_KEY_UISupportedInterfaceOrientations_iPad = "UIInterfaceOrientationPortrait UIInterfaceOrientationPortraitUpsideDown UIInterfaceOrientationLandscapeLeft UIInterfaceOrientationLandscapeRight";
				INFOPLIST_KEY_UISupportedInterfaceOrientations_iPhone = "UIInterfaceOrientationPortrait UIInterfaceOrientationLandscapeLeft UIInterfaceOrientationLandscapeRight";
				LD_RUNPATH_SEARCH_PATHS = (
					"$(inherited)",
					"@executable_path/Frameworks",
				);
				MARKETING_VERSION = 1.0;
				PRODUCT_BUNDLE_IDENTIFIER = com.xuebusi.SwipeGallery;
				PRODUCT_NAME = "$(TARGET_NAME)";
				SWIFT_EMIT_LOC_STRINGS = YES;
				SWIFT_VERSION = 5.0;
				TARGETED_DEVICE_FAMILY = "1,2";
			};
			name = Release;
		};
/* End XCBuildConfiguration section */

/* Begin XCConfigurationList section */
		2BDBDC5F2C6DA12E001A6F28 /* Build configuration list for PBXProject "SwipeGallery" */ = {
			isa = XCConfigurationList;
			buildConfigurations = (
				2BDBDC702C6DA130001A6F28 /* Debug */,
				2BDBDC712C6DA130001A6F28 /* Release */,
			);
			defaultConfigurationIsVisible = 0;
			defaultConfigurationName = Release;
		};
		2BDBDC722C6DA130001A6F28 /* Build configuration list for PBXNativeTarget "SwipeGallery" */ = {
			isa = XCConfigurationList;
			buildConfigurations = (
				2BDBDC732C6DA130001A6F28 /* Debug */,
				2BDBDC742C6DA130001A6F28 /* Release */,
			);
			defaultConfigurationIsVisible = 0;
			defaultConfigurationName = Release;
		};
/* End XCConfigurationList section */
	};
	rootObject = 2BDBDC5C2C6DA12E001A6F28 /* Project object */;
}
